
Microsoft Visual Studio Solution File, Format Version 12.00
# Visual Studio Version 16
VisualStudioVersion = 16.0.30717.126
MinimumVisualStudioVersion = 10.0.40219.1
Project("{FAE04EC0-301F-11D3-BF4B-00C04F79EFBC}") = "ElBuenSaborAdmin", "ElBuenSaborAdmin\ElBuenSaborAdmin.csproj", "{A0E2F121-0319-4C02-95FF-167D837587FB}"
EndProject
Global
	GlobalSection(SolutionConfigurationPlatforms) = preSolution
		Debug|Any CPU = Debug|Any CPU
		Release|Any CPU = Release|Any CPU
	EndGlobalSection
	GlobalSection(ProjectConfigurationPlatforms) = postSolution
		{A0E2F121-0319-4C02-95FF-167D837587FB}.Debug|Any CPU.ActiveCfg = Debug|Any CPU
		{A0E2F121-0319-4C02-95FF-167D837587FB}.Debug|Any CPU.Build.0 = Debug|Any CPU
		{A0E2F121-0319-4C02-95FF-167D837587FB}.Release|Any CPU.ActiveCfg = Release|Any CPU
		{A0E2F121-0319-4C02-95FF-167D837587FB}.Release|Any CPU.Build.0 = Release|Any CPU
	EndGlobalSection
	GlobalSection(SolutionProperties) = preSolution
		HideSolutionNode = FALSE
	EndGlobalSection
	GlobalSection(ExtensibilityGlobals) = postSolution
		SolutionGuid = {82F47D2F-79D1-4F45-BF32-B31A3E6B6715}
	EndGlobalSection
EndGlobal
